{
  "name": "boost-verifikasi",
  "version": "1.0.0",
  "lockfileVersion": 3,
  "requires": true,
  "packages": {
    "node_modules/@supabase/supabase-js": {
      "version": "2.39.3",
      "resolved": "https://registry.npmjs.org/@supabase/supabase-js/-/supabase-js-2.39.3.tgz",
      "integrity": "sha512-...",
      "dependencies": {
        "@supabase/functions-js": "^2.1.5",
        "@supabase/gotrue-js": "^2.62.2",
        // ... dan seterusnya
      }
    }
  }
}
